
Microsoft Visual Studio Solution File, Format Version 12.00
# Visual Studio Version 16
VisualStudioVersion = 16.0.30330.147
MinimumVisualStudioVersion = 10.0.40219.1
Project("{FAE04EC0-301F-11D3-BF4B-00C04F79EFBC}") = "IshitoriLibrary", "IshitoriLibrary\IshitoriLibrary.csproj", "{DED8D1B1-A79F-4893-BFCB-6DC3DEEADCE6}"
EndProject
Project("{FAE04EC0-301F-11D3-BF4B-00C04F79EFBC}") = "IshitoriConsole", "IshitoriConsole\IshitoriConsole.csproj", "{937F1B09-4316-4334-95D3-E767D0CB1A62}"
EndProject
Global
	GlobalSection(SolutionConfigurationPlatforms) = preSolution
		Debug|Any CPU = Debug|Any CPU
		Release|Any CPU = Release|Any CPU
	EndGlobalSection
	GlobalSection(ProjectConfigurationPlatforms) = postSolution
		{DED8D1B1-A79F-4893-BFCB-6DC3DEEADCE6}.Debug|Any CPU.ActiveCfg = Debug|Any CPU
		{DED8D1B1-A79F-4893-BFCB-6DC3DEEADCE6}.Debug|Any CPU.Build.0 = Debug|Any CPU
		{DED8D1B1-A79F-4893-BFCB-6DC3DEEADCE6}.Release|Any CPU.ActiveCfg = Release|Any CPU
		{DED8D1B1-A79F-4893-BFCB-6DC3DEEADCE6}.Release|Any CPU.Build.0 = Release|Any CPU
		{937F1B09-4316-4334-95D3-E767D0CB1A62}.Debug|Any CPU.ActiveCfg = Debug|Any CPU
		{937F1B09-4316-4334-95D3-E767D0CB1A62}.Debug|Any CPU.Build.0 = Debug|Any CPU
		{937F1B09-4316-4334-95D3-E767D0CB1A62}.Release|Any CPU.ActiveCfg = Release|Any CPU
		{937F1B09-4316-4334-95D3-E767D0CB1A62}.Release|Any CPU.Build.0 = Release|Any CPU
	EndGlobalSection
	GlobalSection(SolutionProperties) = preSolution
		HideSolutionNode = FALSE
	EndGlobalSection
	GlobalSection(ExtensibilityGlobals) = postSolution
		SolutionGuid = {1A52D160-04AB-4CFB-B813-0F0138F399D5}
	EndGlobalSection
EndGlobal
